
Microsoft Visual Studio Solution File, Format Version 12.00
# Visual Studio Version 16
VisualStudioVersion = 16.0.32901.82
MinimumVisualStudioVersion = 10.0.40219.1
Project("{9A19103F-16F7-4668-BE54-9A1E7A4F7556}") = "CarCodeClient", "CarCodeClient\CarCodeClient.csproj", "{5A63A0DE-0B3C-4935-B672-6CF15D917897}"
EndProject
Project("{9A19103F-16F7-4668-BE54-9A1E7A4F7556}") = "CarCodeServer", "CarCodeServer\CarCodeServer.csproj", "{5E50619F-81D8-47F5-93B0-E86C70386A96}"
EndProject
Project("{9A19103F-16F7-4668-BE54-9A1E7A4F7556}") = "DataAccess", "DataAccess\DataAccess.csproj", "{44FF7F4B-8FAE-49B7-8F40-4A182D5EA0AB}"
EndProject
Global
	GlobalSection(SolutionConfigurationPlatforms) = preSolution
		Debug|Any CPU = Debug|Any CPU
		Release|Any CPU = Release|Any CPU
	EndGlobalSection
	GlobalSection(ProjectConfigurationPlatforms) = postSolution
		{5A63A0DE-0B3C-4935-B672-6CF15D917897}.Debug|Any CPU.ActiveCfg = Debug|Any CPU
		{5A63A0DE-0B3C-4935-B672-6CF15D917897}.Debug|Any CPU.Build.0 = Debug|Any CPU
		{5A63A0DE-0B3C-4935-B672-6CF15D917897}.Release|Any CPU.ActiveCfg = Release|Any CPU
		{5A63A0DE-0B3C-4935-B672-6CF15D917897}.Release|Any CPU.Build.0 = Release|Any CPU
		{5E50619F-81D8-47F5-93B0-E86C70386A96}.Debug|Any CPU.ActiveCfg = Debug|Any CPU
		{5E50619F-81D8-47F5-93B0-E86C70386A96}.Debug|Any CPU.Build.0 = Debug|Any CPU
		{5E50619F-81D8-47F5-93B0-E86C70386A96}.Release|Any CPU.ActiveCfg = Release|Any CPU
		{5E50619F-81D8-47F5-93B0-E86C70386A96}.Release|Any CPU.Build.0 = Release|Any CPU
		{44FF7F4B-8FAE-49B7-8F40-4A182D5EA0AB}.Debug|Any CPU.ActiveCfg = Debug|Any CPU
		{44FF7F4B-8FAE-49B7-8F40-4A182D5EA0AB}.Debug|Any CPU.Build.0 = Debug|Any CPU
		{44FF7F4B-8FAE-49B7-8F40-4A182D5EA0AB}.Release|Any CPU.ActiveCfg = Release|Any CPU
		{44FF7F4B-8FAE-49B7-8F40-4A182D5EA0AB}.Release|Any CPU.Build.0 = Release|Any CPU
	EndGlobalSection
	GlobalSection(SolutionProperties) = preSolution
		HideSolutionNode = FALSE
	EndGlobalSection
	GlobalSection(ExtensibilityGlobals) = postSolution
		SolutionGuid = {927B2A2F-6729-4E45-B301-D8B949CF5137}
	EndGlobalSection
EndGlobal
